
Microsoft Visual Studio Solution File, Format Version 12.00
# Visual Studio Version 17
VisualStudioVersion = 17.13.35825.156 d17.13
MinimumVisualStudioVersion = 10.0.40219.1
Project("{FAE04EC0-301F-11D3-BF4B-00C04F79EFBC}") = "miniGame_OOP_Project", "miniGame_OOP_Project\miniGame_OOP_Project.csproj", "{D1B6D144-83E9-4F40-91A9-8C01D85EE7FA}"
EndProject
Global
	GlobalSection(SolutionConfigurationPlatforms) = preSolution
		Debug|Any CPU = Debug|Any CPU
		Release|Any CPU = Release|Any CPU
	EndGlobalSection
	GlobalSection(ProjectConfigurationPlatforms) = postSolution
		{D1B6D144-83E9-4F40-91A9-8C01D85EE7FA}.Debug|Any CPU.ActiveCfg = Debug|Any CPU
		{D1B6D144-83E9-4F40-91A9-8C01D85EE7FA}.Debug|Any CPU.Build.0 = Debug|Any CPU
		{D1B6D144-83E9-4F40-91A9-8C01D85EE7FA}.Release|Any CPU.ActiveCfg = Release|Any CPU
		{D1B6D144-83E9-4F40-91A9-8C01D85EE7FA}.Release|Any CPU.Build.0 = Release|Any CPU
	EndGlobalSection
	GlobalSection(SolutionProperties) = preSolution
		HideSolutionNode = FALSE
	EndGlobalSection
	GlobalSection(ExtensibilityGlobals) = postSolution
		SolutionGuid = {1CE49E74-7925-45EA-B7F2-6B0F5E8FD7A5}
	EndGlobalSection
EndGlobal
